
Microsoft Visual Studio Solution File, Format Version 12.00
# Visual Studio 2013
VisualStudioVersion = 12.0.21005.1
MinimumVisualStudioVersion = 10.0.40219.1
Project("{FAE04EC0-301F-11D3-BF4B-00C04F79EFBC}") = "SteamWebApi.Steam", "SteamWebApi.Steam\SteamWebApi.Steam.csproj", "{D0B4F1C0-AB46-4C4E-9FBD-FB0B8E103330}"
EndProject
Project("{FAE04EC0-301F-11D3-BF4B-00C04F79EFBC}") = "SteamWebApi.Web", "SteamWebApi.Web\SteamWebApi.Web.csproj", "{2DD1BCEB-6D26-4078-9D5B-7EF5BA4BA672}"
EndProject
Global
	GlobalSection(SolutionConfigurationPlatforms) = preSolution
		Debug|Any CPU = Debug|Any CPU
		Release|Any CPU = Release|Any CPU
	EndGlobalSection
	GlobalSection(ProjectConfigurationPlatforms) = postSolution
		{D0B4F1C0-AB46-4C4E-9FBD-FB0B8E103330}.Debug|Any CPU.ActiveCfg = Debug|Any CPU
		{D0B4F1C0-AB46-4C4E-9FBD-FB0B8E103330}.Debug|Any CPU.Build.0 = Debug|Any CPU
		{D0B4F1C0-AB46-4C4E-9FBD-FB0B8E103330}.Release|Any CPU.ActiveCfg = Release|Any CPU
		{D0B4F1C0-AB46-4C4E-9FBD-FB0B8E103330}.Release|Any CPU.Build.0 = Release|Any CPU
		{2DD1BCEB-6D26-4078-9D5B-7EF5BA4BA672}.Debug|Any CPU.ActiveCfg = Debug|Any CPU
		{2DD1BCEB-6D26-4078-9D5B-7EF5BA4BA672}.Debug|Any CPU.Build.0 = Debug|Any CPU
		{2DD1BCEB-6D26-4078-9D5B-7EF5BA4BA672}.Release|Any CPU.ActiveCfg = Release|Any CPU
		{2DD1BCEB-6D26-4078-9D5B-7EF5BA4BA672}.Release|Any CPU.Build.0 = Release|Any CPU
	EndGlobalSection
	GlobalSection(SolutionProperties) = preSolution
		HideSolutionNode = FALSE
	EndGlobalSection
EndGlobal
